// !$*UTF8*$!
{
	archiveVersion = 1;
	classes = {
	};
	objectVersion = 50;
	objects = {

/* Begin PBXBuildFile section */
		694ED5DAC7011ED77E206E97 /* EventLogger.swift in Sources */ = {isa = PBXBuildFile; fileRef = 694EDE01FEB918FE9212E81C /* EventLogger.swift */; };
		694ED7271B020C1B66981983 /* DateTimeFactory.swift in Sources */ = {isa = PBXBuildFile; fileRef = 694ED22AA68220FCF2FEDB36 /* DateTimeFactory.swift */; };
		694EDE38C5D934BCC74A73D8 /* LocaleProvider.swift in Sources */ = {isa = PBXBuildFile; fileRef = 694EDDED8BC6523C29F2806D /* LocaleProvider.swift */; };
		7228F40723E86EDB009D20B7 /* Reachability.swift in Sources */ = {isa = PBXBuildFile; fileRef = 7228F40623E86EDB009D20B7 /* Reachability.swift */; };
		72C33EA423E0C4DD00A94D03 /* AppDelegate.swift in Sources */ = {isa = PBXBuildFile; fileRef = 72C33EA323E0C4DD00A94D03 /* AppDelegate.swift */; };
		72C33EA623E0C4DD00A94D03 /* ContentView.swift in Sources */ = {isa = PBXBuildFile; fileRef = 72C33EA523E0C4DD00A94D03 /* ContentView.swift */; };
		72C33EA823E0C4DE00A94D03 /* Assets.xcassets in Resources */ = {isa = PBXBuildFile; fileRef = 72C33EA723E0C4DE00A94D03 /* Assets.xcassets */; };
		72C33EAB23E0C4DE00A94D03 /* Preview Assets.xcassets in Resources */ = {isa = PBXBuildFile; fileRef = 72C33EAA23E0C4DE00A94D03 /* Preview Assets.xcassets */; };
		72C33EAE23E0C4DE00A94D03 /* Main.storyboard in Resources */ = {isa = PBXBuildFile; fileRef = 72C33EAC23E0C4DE00A94D03 /* Main.storyboard */; };
		72C33EB923E0CE1100A94D03 /* NotificationService.swift in Sources */ = {isa = PBXBuildFile; fileRef = 72C33EB823E0CE1100A94D03 /* NotificationService.swift */; };
/* End PBXBuildFile section */

/* Begin PBXFileReference section */
		694ED22AA68220FCF2FEDB36 /* DateTimeFactory.swift */ = {isa = PBXFileReference; fileEncoding = 4; lastKnownFileType = sourcecode.swift; path = DateTimeFactory.swift; sourceTree = "<group>"; };
		694EDDED8BC6523C29F2806D /* LocaleProvider.swift */ = {isa = PBXFileReference; fileEncoding = 4; lastKnownFileType = sourcecode.swift; path = LocaleProvider.swift; sourceTree = "<group>"; };
		694EDE01FEB918FE9212E81C /* EventLogger.swift */ = {isa = PBXFileReference; fileEncoding = 4; lastKnownFileType = sourcecode.swift; path = EventLogger.swift; sourceTree = "<group>"; };
		7228F40623E86EDB009D20B7 /* Reachability.swift */ = {isa = PBXFileReference; lastKnownFileType = sourcecode.swift; path = Reachability.swift; sourceTree = "<group>"; };
		72C33EA023E0C4DD00A94D03 /* wifi-tout.app */ = {isa = PBXFileReference; explicitFileType = wrapper.application; includeInIndex = 0; path = "wifi-tout.app"; sourceTree = BUILT_PRODUCTS_DIR; };
		72C33EA323E0C4DD00A94D03 /* AppDelegate.swift */ = {isa = PBXFileReference; lastKnownFileType = sourcecode.swift; path = AppDelegate.swift; sourceTree = "<group>"; };
		72C33EA523E0C4DD00A94D03 /* ContentView.swift */ = {isa = PBXFileReference; lastKnownFileType = sourcecode.swift; path = ContentView.swift; sourceTree = "<group>"; };
		72C33EA723E0C4DE00A94D03 /* Assets.xcassets */ = {isa = PBXFileReference; lastKnownFileType = folder.assetcatalog; path = Assets.xcassets; sourceTree = "<group>"; };
		72C33EAA23E0C4DE00A94D03 /* Preview Assets.xcassets */ = {isa = PBXFileReference; lastKnownFileType = folder.assetcatalog; path = "Preview Assets.xcassets"; sourceTree = "<group>"; };
		72C33EAD23E0C4DE00A94D03 /* Base */ = {isa = PBXFileReference; lastKnownFileType = file.storyboard; name = Base; path = Base.lproj/Main.storyboard; sourceTree = "<group>"; };
		72C33EAF23E0C4DE00A94D03 /* Info.plist */ = {isa = PBXFileReference; lastKnownFileType = text.plist.xml; path = Info.plist; sourceTree = "<group>"; };
		72C33EB023E0C4DE00A94D03 /* wifi_tout.entitlements */ = {isa = PBXFileReference; lastKnownFileType = text.plist.entitlements; path = wifi_tout.entitlements; sourceTree = "<group>"; };
		72C33EB823E0CE1100A94D03 /* NotificationService.swift */ = {isa = PBXFileReference; lastKnownFileType = sourcecode.swift; path = NotificationService.swift; sourceTree = "<group>"; };
/* End PBXFileReference section */

/* Begin PBXFrameworksBuildPhase section */
		72C33E9D23E0C4DD00A94D03 /* Frameworks */ = {
			isa = PBXFrameworksBuildPhase;
			buildActionMask = 2147483647;
			files = (
			);
			runOnlyForDeploymentPostprocessing = 0;
		};
/* End PBXFrameworksBuildPhase section */

/* Begin PBXGroup section */
		72C33E9723E0C4DD00A94D03 = {
			isa = PBXGroup;
			children = (
				72C33EA223E0C4DD00A94D03 /* wifi-tout */,
				72C33EA123E0C4DD00A94D03 /* Products */,
			);
			sourceTree = "<group>";
		};
		72C33EA123E0C4DD00A94D03 /* Products */ = {
			isa = PBXGroup;
			children = (
				72C33EA023E0C4DD00A94D03 /* wifi-tout.app */,
			);
			name = Products;
			sourceTree = "<group>";
		};
		72C33EA223E0C4DD00A94D03 /* wifi-tout */ = {
			isa = PBXGroup;
			children = (
				72C33EA323E0C4DD00A94D03 /* AppDelegate.swift */,
				72C33EA523E0C4DD00A94D03 /* ContentView.swift */,
				72C33EB823E0CE1100A94D03 /* NotificationService.swift */,
				7228F40623E86EDB009D20B7 /* Reachability.swift */,
				72C33EA723E0C4DE00A94D03 /* Assets.xcassets */,
				72C33EAC23E0C4DE00A94D03 /* Main.storyboard */,
				72C33EAF23E0C4DE00A94D03 /* Info.plist */,
				72C33EB023E0C4DE00A94D03 /* wifi_tout.entitlements */,
				72C33EA923E0C4DE00A94D03 /* Preview Content */,
				694ED22AA68220FCF2FEDB36 /* DateTimeFactory.swift */,
				694EDDED8BC6523C29F2806D /* LocaleProvider.swift */,
				694EDE01FEB918FE9212E81C /* EventLogger.swift */,
			);
			path = "wifi-tout";
			sourceTree = "<group>";
		};
		72C33EA923E0C4DE00A94D03 /* Preview Content */ = {
			isa = PBXGroup;
			children = (
				72C33EAA23E0C4DE00A94D03 /* Preview Assets.xcassets */,
			);
			path = "Preview Content";
			sourceTree = "<group>";
		};
/* End PBXGroup section */

/* Begin PBXNativeTarget section */
		72C33E9F23E0C4DD00A94D03 /* wifi-tout */ = {
			isa = PBXNativeTarget;
			buildConfigurationList = 72C33EB323E0C4DE00A94D03 /* Build configuration list for PBXNativeTarget "wifi-tout" */;
			buildPhases = (
				72C33E9C23E0C4DD00A94D03 /* Sources */,
				72C33E9D23E0C4DD00A94D03 /* Frameworks */,
				72C33E9E23E0C4DD00A94D03 /* Resources */,
			);
			buildRules = (
			);
			dependencies = (
			);
			name = "wifi-tout";
			productName = "wifi-tout";
			productReference = 72C33EA023E0C4DD00A94D03 /* wifi-tout.app */;
			productType = "com.apple.product-type.application";
		};
/* End PBXNativeTarget section */

/* Begin PBXProject section */
		72C33E9823E0C4DD00A94D03 /* Project object */ = {
			isa = PBXProject;
			attributes = {
				LastSwiftUpdateCheck = 1130;
				LastUpgradeCheck = 1130;
				ORGANIZATIONNAME = "Matthew Wilson";
				TargetAttributes = {
					72C33E9F23E0C4DD00A94D03 = {
						CreatedOnToolsVersion = 11.3.1;
					};
				};
			};
			buildConfigurationList = 72C33E9B23E0C4DD00A94D03 /* Build configuration list for PBXProject "wifi-tout" */;
			compatibilityVersion = "Xcode 9.3";
			developmentRegion = en;
			hasScannedForEncodings = 0;
			knownRegions = (
				en,
				Base,
			);
			mainGroup = 72C33E9723E0C4DD00A94D03;
			productRefGroup = 72C33EA123E0C4DD00A94D03 /* Products */;
			projectDirPath = "";
			projectRoot = "";
			targets = (
				72C33E9F23E0C4DD00A94D03 /* wifi-tout */,
			);
		};
/* End PBXProject section */

/* Begin PBXResourcesBuildPhase section */
		72C33E9E23E0C4DD00A94D03 /* Resources */ = {
			isa = PBXResourcesBuildPhase;
			buildActionMask = 2147483647;
			files = (
				72C33EAE23E0C4DE00A94D03 /* Main.storyboard in Resources */,
				72C33EAB23E0C4DE00A94D03 /* Preview Assets.xcassets in Resources */,
				72C33EA823E0C4DE00A94D03 /* Assets.xcassets in Resources */,
			);
			runOnlyForDeploymentPostprocessing = 0;
		};
/* End PBXResourcesBuildPhase section */

/* Begin PBXSourcesBuildPhase section */
		72C33E9C23E0C4DD00A94D03 /* Sources */ = {
			isa = PBXSourcesBuildPhase;
			buildActionMask = 2147483647;
			files = (
				72C33EB923E0CE1100A94D03 /* NotificationService.swift in Sources */,
				72C33EA623E0C4DD00A94D03 /* ContentView.swift in Sources */,
				72C33EA423E0C4DD00A94D03 /* AppDelegate.swift in Sources */,
				7228F40723E86EDB009D20B7 /* Reachability.swift in Sources */,
				694ED7271B020C1B66981983 /* DateTimeFactory.swift in Sources */,
				694EDE38C5D934BCC74A73D8 /* LocaleProvider.swift in Sources */,
				694ED5DAC7011ED77E206E97 /* EventLogger.swift in Sources */,
			);
			runOnlyForDeploymentPostprocessing = 0;
		};
/* End PBXSourcesBuildPhase section */

/* Begin PBXVariantGroup section */
		72C33EAC23E0C4DE00A94D03 /* Main.storyboard */ = {
			isa = PBXVariantGroup;
			children = (
				72C33EAD23E0C4DE00A94D03 /* Base */,
			);
			name = Main.storyboard;
			sourceTree = "<group>";
		};
/* End PBXVariantGroup section */

/* Begin XCBuildConfiguration section */
		72C33EB123E0C4DE00A94D03 /* Debug */ = {
			isa = XCBuildConfiguration;
			buildSettings = {
				ALWAYS_SEARCH_USER_PATHS = NO;
				CLANG_ANALYZER_NONNULL = YES;
				CLANG_ANALYZER_NUMBER_OBJECT_CONVERSION = YES_AGGRESSIVE;
				CLANG_CXX_LANGUAGE_STANDARD = "gnu++14";
				CLANG_CXX_LIBRARY = "libc++";
				CLANG_ENABLE_MODULES = YES;
				CLANG_ENABLE_OBJC_ARC = YES;
				CLANG_ENABLE_OBJC_WEAK = YES;
				CLANG_WARN_BLOCK_CAPTURE_AUTORELEASING = YES;
				CLANG_WARN_BOOL_CONVERSION = YES;
				CLANG_WARN_COMMA = YES;
				CLANG_WARN_CONSTANT_CONVERSION = YES;
				CLANG_WARN_DEPRECATED_OBJC_IMPLEMENTATIONS = YES;
				CLANG_WARN_DIRECT_OBJC_ISA_USAGE = YES_ERROR;
				CLANG_WARN_DOCUMENTATION_COMMENTS = YES;
				CLANG_WARN_EMPTY_BODY = YES;
				CLANG_WARN_ENUM_CONVERSION = YES;
				CLANG_WARN_INFINITE_RECURSION = YES;
				CLANG_WARN_INT_CONVERSION = YES;
				CLANG_WARN_NON_LITERAL_NULL_CONVERSION = YES;
				CLANG_WARN_OBJC_IMPLICIT_RETAIN_SELF = YES;
				CLANG_WARN_OBJC_LITERAL_CONVERSION = YES;
				CLANG_WARN_OBJC_ROOT_CLASS = YES_ERROR;
				CLANG_WARN_RANGE_LOOP_ANALYSIS = YES;
				CLANG_WARN_STRICT_PROTOTYPES = YES;
				CLANG_WARN_SUSPICIOUS_MOVE = YES;
				CLANG_WARN_UNGUARDED_AVAILABILITY = YES_AGGRESSIVE;
				CLANG_WARN_UNREACHABLE_CODE = YES;
				CLANG_WARN__DUPLICATE_METHOD_MATCH = YES;
				COPY_PHASE_STRIP = NO;
				DEBUG_INFORMATION_FORMAT = dwarf;
				ENABLE_STRICT_OBJC_MSGSEND = YES;
				ENABLE_TESTABILITY = YES;
				GCC_C_LANGUAGE_STANDARD = gnu11;
				GCC_DYNAMIC_NO_PIC = NO;
				GCC_NO_COMMON_BLOCKS = YES;
				GCC_OPTIMIZATION_LEVEL = 0;
				GCC_PREPROCESSOR_DEFINITIONS = (
					"DEBUG=1",
					"$(inherited)",
				);
				GCC_WARN_64_TO_32_BIT_CONVERSION = YES;
				GCC_WARN_ABOUT_RETURN_TYPE = YES_ERROR;
				GCC_WARN_UNDECLARED_SELECTOR = YES;
				GCC_WARN_UNINITIALIZED_AUTOS = YES_AGGRESSIVE;
				GCC_WARN_UNUSED_FUNCTION = YES;
				GCC_WARN_UNUSED_VARIABLE = YES;
				MACOSX_DEPLOYMENT_TARGET = 10.15;
				MTL_ENABLE_DEBUG_INFO = INCLUDE_SOURCE;
				MTL_FAST_MATH = YES;
				ONLY_ACTIVE_ARCH = YES;
				SDKROOT = macosx;
				SWIFT_ACTIVE_COMPILATION_CONDITIONS = DEBUG;
				SWIFT_OPTIMIZATION_LEVEL = "-Onone";
			};
			name = Debug;
		};
		72C33EB223E0C4DE00A94D03 /* Release */ = {
			isa = XCBuildConfiguration;
			buildSettings = {
				ALWAYS_SEARCH_USER_PATHS = NO;
				CLANG_ANALYZER_NONNULL = YES;
				CLANG_ANALYZER_NUMBER_OBJECT_CONVERSION = YES_AGGRESSIVE;
				CLANG_CXX_LANGUAGE_STANDARD = "gnu++14";
				CLANG_CXX_LIBRARY = "libc++";
				CLANG_ENABLE_MODULES = YES;
				CLANG_ENABLE_OBJC_ARC = YES;
				CLANG_ENABLE_OBJC_WEAK = YES;
				CLANG_WARN_BLOCK_CAPTURE_AUTORELEASING = YES;
				CLANG_WARN_BOOL_CONVERSION = YES;
				CLANG_WARN_COMMA = YES;
				CLANG_WARN_CONSTANT_CONVERSION = YES;
				CLANG_WARN_DEPRECATED_OBJC_IMPLEMENTATIONS = YES;
				CLANG_WARN_DIRECT_OBJC_ISA_USAGE = YES_ERROR;
				CLANG_WARN_DOCUMENTATION_COMMENTS = YES;
				CLANG_WARN_EMPTY_BODY = YES;
				CLANG_WARN_ENUM_CONVERSION = YES;
				CLANG_WARN_INFINITE_RECURSION = YES;
				CLANG_WARN_INT_CONVERSION = YES;
				CLANG_WARN_NON_LITERAL_NULL_CONVERSION = YES;
				CLANG_WARN_OBJC_IMPLICIT_RETAIN_SELF = YES;
				CLANG_WARN_OBJC_LITERAL_CONVERSION = YES;
				CLANG_WARN_OBJC_ROOT_CLASS = YES_ERROR;
				CLANG_WARN_RANGE_LOOP_ANALYSIS = YES;
				CLANG_WARN_STRICT_PROTOTYPES = YES;
				CLANG_WARN_SUSPICIOUS_MOVE = YES;
				CLANG_WARN_UNGUARDED_AVAILABILITY = YES_AGGRESSIVE;
				CLANG_WARN_UNREACHABLE_CODE = YES;
				CLANG_WARN__DUPLICATE_METHOD_MATCH = YES;
				COPY_PHASE_STRIP = NO;
				DEBUG_INFORMATION_FORMAT = "dwarf-with-dsym";
				ENABLE_NS_ASSERTIONS = NO;
				ENABLE_STRICT_OBJC_MSGSEND = YES;
				GCC_C_LANGUAGE_STANDARD = gnu11;
				GCC_NO_COMMON_BLOCKS = YES;
				GCC_WARN_64_TO_32_BIT_CONVERSION = YES;
				GCC_WARN_ABOUT_RETURN_TYPE = YES_ERROR;
				GCC_WARN_UNDECLARED_SELECTOR = YES;
				GCC_WARN_UNINITIALIZED_AUTOS = YES_AGGRESSIVE;
				GCC_WARN_UNUSED_FUNCTION = YES;
				GCC_WARN_UNUSED_VARIABLE = YES;
				MACOSX_DEPLOYMENT_TARGET = 10.15;
				MTL_ENABLE_DEBUG_INFO = NO;
				MTL_FAST_MATH = YES;
				SDKROOT = macosx;
				SWIFT_COMPILATION_MODE = wholemodule;
				SWIFT_OPTIMIZATION_LEVEL = "-O";
			};
			name = Release;
		};
		72C33EB423E0C4DE00A94D03 /* Debug */ = {
			isa = XCBuildConfiguration;
			buildSettings = {
				ASSETCATALOG_COMPILER_APPICON_NAME = AppIcon;
				CODE_SIGN_ENTITLEMENTS = "wifi-tout/wifi_tout.entitlements";
				CODE_SIGN_IDENTITY = "-";
				CODE_SIGN_STYLE = Automatic;
				COMBINE_HIDPI_IMAGES = YES;
				DEVELOPMENT_ASSET_PATHS = "\"wifi-tout/Preview Content\"";
				DEVELOPMENT_TEAM = PD5QMARB3X;
				ENABLE_HARDENED_RUNTIME = YES;
				ENABLE_PREVIEWS = YES;
				INFOPLIST_FILE = "wifi-tout/Info.plist";
				LD_RUNPATH_SEARCH_PATHS = (
					"$(inherited)",
					"@executable_path/../Frameworks",
				);
				MACOSX_DEPLOYMENT_TARGET = 10.15;
				MARKETING_VERSION = 1.1.0;
				PRODUCT_BUNDLE_IDENTIFIER = "so.mwil.wifi-tout";
				PRODUCT_NAME = "$(TARGET_NAME)";
				SWIFT_VERSION = 5.0;
			};
			name = Debug;
		};
		72C33EB523E0C4DE00A94D03 /* Release */ = {
			isa = XCBuildConfiguration;
			buildSettings = {
				ASSETCATALOG_COMPILER_APPICON_NAME = AppIcon;
				CODE_SIGN_ENTITLEMENTS = "wifi-tout/wifi_tout.entitlements";
				CODE_SIGN_IDENTITY = "-";
				CODE_SIGN_STYLE = Automatic;
				COMBINE_HIDPI_IMAGES = YES;
				DEVELOPMENT_ASSET_PATHS = "\"wifi-tout/Preview Content\"";
				DEVELOPMENT_TEAM = PD5QMARB3X;
				ENABLE_HARDENED_RUNTIME = YES;
				ENABLE_PREVIEWS = YES;
				INFOPLIST_FILE = "wifi-tout/Info.plist";
				LD_RUNPATH_SEARCH_PATHS = (
					"$(inherited)",
					"@executable_path/../Frameworks",
				);
				MACOSX_DEPLOYMENT_TARGET = 10.15;
				MARKETING_VERSION = 1.1.0;
				PRODUCT_BUNDLE_IDENTIFIER = "so.mwil.wifi-tout";
				PRODUCT_NAME = "$(TARGET_NAME)";
				SWIFT_VERSION = 5.0;
			};
			name = Release;
		};
/* End XCBuildConfiguration section */

/* Begin XCConfigurationList section */
		72C33E9B23E0C4DD00A94D03 /* Build configuration list for PBXProject "wifi-tout" */ = {
			isa = XCConfigurationList;
			buildConfigurations = (
				72C33EB123E0C4DE00A94D03 /* Debug */,
				72C33EB223E0C4DE00A94D03 /* Release */,
			);
			defaultConfigurationIsVisible = 0;
			defaultConfigurationName = Release;
		};
		72C33EB323E0C4DE00A94D03 /* Build configuration list for PBXNativeTarget "wifi-tout" */ = {
			isa = XCConfigurationList;
			buildConfigurations = (
				72C33EB423E0C4DE00A94D03 /* Debug */,
				72C33EB523E0C4DE00A94D03 /* Release */,
			);
			defaultConfigurationIsVisible = 0;
			defaultConfigurationName = Release;
		};
/* End XCConfigurationList section */
	};
	rootObject = 72C33E9823E0C4DD00A94D03 /* Project object */;
}
